// !$*UTF8*$!
{
	archiveVersion = 1;
	classes = {
	};
	objectVersion = 50;
	objects = {

/* Begin PBXBuildFile section */
		C819FBF220906D16002DA0E3 /* AppDelegate.m in Sources */ = {isa = PBXBuildFile; fileRef = C819FBF120906D16002DA0E3 /* AppDelegate.m */; };
		C819FBF520906D16002DA0E3 /* ViewController.m in Sources */ = {isa = PBXBuildFile; fileRef = C819FBF420906D16002DA0E3 /* ViewController.m */; };
		C819FBF820906D16002DA0E3 /* Main.storyboard in Resources */ = {isa = PBXBuildFile; fileRef = C819FBF620906D16002DA0E3 /* Main.storyboard */; };
		C819FBFA20906D16002DA0E3 /* Assets.xcassets in Resources */ = {isa = PBXBuildFile; fileRef = C819FBF920906D16002DA0E3 /* Assets.xcassets */; };
		C819FBFD20906D16002DA0E3 /* LaunchScreen.storyboard in Resources */ = {isa = PBXBuildFile; fileRef = C819FBFB20906D16002DA0E3 /* LaunchScreen.storyboard */; };
		C819FC0020906D16002DA0E3 /* main.m in Sources */ = {isa = PBXBuildFile; fileRef = C819FBFF20906D16002DA0E3 /* main.m */; };
/* End PBXBuildFile section */

/* Begin PBXFileReference section */
		C819FBED20906D16002DA0E3 /* SDK111.app */ = {isa = PBXFileReference; explicitFileType = wrapper.application; includeInIndex = 0; path = SDK111.app; sourceTree = BUILT_PRODUCTS_DIR; };
		C819FBF020906D16002DA0E3 /* AppDelegate.h */ = {isa = PBXFileReference; lastKnownFileType = sourcecode.c.h; path = AppDelegate.h; sourceTree = "<group>"; };
		C819FBF120906D16002DA0E3 /* AppDelegate.m */ = {isa = PBXFileReference; lastKnownFileType = sourcecode.c.objc; path = AppDelegate.m; sourceTree = "<group>"; };
		C819FBF320906D16002DA0E3 /* ViewController.h */ = {isa = PBXFileReference; lastKnownFileType = sourcecode.c.h; path = ViewController.h; sourceTree = "<group>"; };
		C819FBF420906D16002DA0E3 /* ViewController.m */ = {isa = PBXFileReference; lastKnownFileType = sourcecode.c.objc; path = ViewController.m; sourceTree = "<group>"; };
		C819FBF720906D16002DA0E3 /* Base */ = {isa = PBXFileReference; lastKnownFileType = file.storyboard; name = Base; path = Base.lproj/Main.storyboard; sourceTree = "<group>"; };
		C819FBF920906D16002DA0E3 /* Assets.xcassets */ = {isa = PBXFileReference; lastKnownFileType = folder.assetcatalog; path = Assets.xcassets; sourceTree = "<group>"; };
		C819FBFC20906D16002DA0E3 /* Base */ = {isa = PBXFileReference; lastKnownFileType = file.storyboard; name = Base; path = Base.lproj/LaunchScreen.storyboard; sourceTree = "<group>"; };
		C819FBFE20906D16002DA0E3 /* Info.plist */ = {isa = PBXFileReference; lastKnownFileType = text.plist.xml; path = Info.plist; sourceTree = "<group>"; };
		C819FBFF20906D16002DA0E3 /* main.m */ = {isa = PBXFileReference; lastKnownFileType = sourcecode.c.objc; path = main.m; sourceTree = "<group>"; };
/* End PBXFileReference section */

/* Begin PBXFrameworksBuildPhase section */
		C819FBEA20906D16002DA0E3 /* Frameworks */ = {
			isa = PBXFrameworksBuildPhase;
			buildActionMask = 2147483647;
			files = (
			);
			runOnlyForDeploymentPostprocessing = 0;
		};
/* End PBXFrameworksBuildPhase section */

/* Begin PBXGroup section */
		C819FBE420906D16002DA0E3 = {
			isa = PBXGroup;
			children = (
				C819FBEF20906D16002DA0E3 /* SDK111 */,
				C819FBEE20906D16002DA0E3 /* Products */,
			);
			sourceTree = "<group>";
		};
		C819FBEE20906D16002DA0E3 /* Products */ = {
			isa = PBXGroup;
			children = (
				C819FBED20906D16002DA0E3 /* SDK111.app */,
			);
			name = Products;
			sourceTree = "<group>";
		};
		C819FBEF20906D16002DA0E3 /* SDK111 */ = {
			isa = PBXGroup;
			children = (
				C819FBF020906D16002DA0E3 /* AppDelegate.h */,
				C819FBF120906D16002DA0E3 /* AppDelegate.m */,
				C819FBF320906D16002DA0E3 /* ViewController.h */,
				C819FBF420906D16002DA0E3 /* ViewController.m */,
				C819FBF620906D16002DA0E3 /* Main.storyboard */,
				C819FBF920906D16002DA0E3 /* Assets.xcassets */,
				C819FBFB20906D16002DA0E3 /* LaunchScreen.storyboard */,
				C819FBFE20906D16002DA0E3 /* Info.plist */,
				C819FBFF20906D16002DA0E3 /* main.m */,
			);
			path = SDK111;
			sourceTree = "<group>";
		};
/* End PBXGroup section */

/* Begin PBXNativeTarget section */
		C819FBEC20906D16002DA0E3 /* SDK111 */ = {
			isa = PBXNativeTarget;
			buildConfigurationList = C819FC0320906D16002DA0E3 /* Build configuration list for PBXNativeTarget "SDK111" */;
			buildPhases = (
				C819FBE920906D16002DA0E3 /* Sources */,
				C819FBEA20906D16002DA0E3 /* Frameworks */,
				C819FBEB20906D16002DA0E3 /* Resources */,
			);
			buildRules = (
			);
			dependencies = (
			);
			name = SDK111;
			productName = SDK111;
			productReference = C819FBED20906D16002DA0E3 /* SDK111.app */;
			productType = "com.apple.product-type.application";
		};
/* End PBXNativeTarget section */

/* Begin PBXProject section */
		C819FBE520906D16002DA0E3 /* Project object */ = {
			isa = PBXProject;
			attributes = {
				LastUpgradeCheck = 0930;
				ORGANIZATIONNAME = "刘冉";
				TargetAttributes = {
					C819FBEC20906D16002DA0E3 = {
						CreatedOnToolsVersion = 9.3;
					};
				};
			};
			buildConfigurationList = C819FBE820906D16002DA0E3 /* Build configuration list for PBXProject "SDK111" */;
			compatibilityVersion = "Xcode 9.3";
			developmentRegion = en;
			hasScannedForEncodings = 0;
			knownRegions = (
				en,
				Base,
			);
			mainGroup = C819FBE420906D16002DA0E3;
			productRefGroup = C819FBEE20906D16002DA0E3 /* Products */;
			projectDirPath = "";
			projectRoot = "";
			targets = (
				C819FBEC20906D16002DA0E3 /* SDK111 */,
			);
		};
/* End PBXProject section */

/* Begin PBXResourcesBuildPhase section */
		C819FBEB20906D16002DA0E3 /* Resources */ = {
			isa = PBXResourcesBuildPhase;
			buildActionMask = 2147483647;
			files = (
				C819FBFD20906D16002DA0E3 /* LaunchScreen.storyboard in Resources */,
				C819FBFA20906D16002DA0E3 /* Assets.xcassets in Resources */,
				C819FBF820906D16002DA0E3 /* Main.storyboard in Resources */,
			);
			runOnlyForDeploymentPostprocessing = 0;
		};
/* End PBXResourcesBuildPhase section */

/* Begin PBXSourcesBuildPhase section */
		C819FBE920906D16002DA0E3 /* Sources */ = {
			isa = PBXSourcesBuildPhase;
			buildActionMask = 2147483647;
			files = (
				C819FBF520906D16002DA0E3 /* ViewController.m in Sources */,
				C819FC0020906D16002DA0E3 /* main.m in Sources */,
				C819FBF220906D16002DA0E3 /* AppDelegate.m in Sources */,
			);
			runOnlyForDeploymentPostprocessing = 0;
		};
/* End PBXSourcesBuildPhase section */

/* Begin PBXVariantGroup section */
		C819FBF620906D16002DA0E3 /* Main.storyboard */ = {
			isa = PBXVariantGroup;
			children = (
				C819FBF720906D16002DA0E3 /* Base */,
			);
			name = Main.storyboard;
			sourceTree = "<group>";
		};
		C819FBFB20906D16002DA0E3 /* LaunchScreen.storyboard */ = {
			isa = PBXVariantGroup;
			children = (
				C819FBFC20906D16002DA0E3 /* Base */,
			);
			name = LaunchScreen.storyboard;
			sourceTree = "<group>";
		};
/* End PBXVariantGroup section */

/* Begin XCBuildConfiguration section */
		C819FC0120906D16002DA0E3 /* Debug */ = {
			isa = XCBuildConfiguration;
			buildSettings = {
				ALWAYS_SEARCH_USER_PATHS = NO;
				CLANG_ANALYZER_NONNULL = YES;
				CLANG_ANALYZER_NUMBER_OBJECT_CONVERSION = YES_AGGRESSIVE;
				CLANG_CXX_LANGUAGE_STANDARD = "gnu++14";
				CLANG_CXX_LIBRARY = "libc++";
				CLANG_ENABLE_MODULES = YES;
				CLANG_ENABLE_OBJC_ARC = YES;
				CLANG_ENABLE_OBJC_WEAK = YES;
				CLANG_WARN_BLOCK_CAPTURE_AUTORELEASING = YES;
				CLANG_WARN_BOOL_CONVERSION = YES;
				CLANG_WARN_COMMA = YES;
				CLANG_WARN_CONSTANT_CONVERSION = YES;
				CLANG_WARN_DEPRECATED_OBJC_IMPLEMENTATIONS = YES;
				CLANG_WARN_DIRECT_OBJC_ISA_USAGE = YES_ERROR;
				CLANG_WARN_DOCUMENTATION_COMMENTS = YES;
				CLANG_WARN_EMPTY_BODY = YES;
				CLANG_WARN_ENUM_CONVERSION = YES;
				CLANG_WARN_INFINITE_RECURSION = YES;
				CLANG_WARN_INT_CONVERSION = YES;
				CLANG_WARN_NON_LITERAL_NULL_CONVERSION = YES;
				CLANG_WARN_OBJC_IMPLICIT_RETAIN_SELF = YES;
				CLANG_WARN_OBJC_LITERAL_CONVERSION = YES;
				CLANG_WARN_OBJC_ROOT_CLASS = YES_ERROR;
				CLANG_WARN_RANGE_LOOP_ANALYSIS = YES;
				CLANG_WARN_STRICT_PROTOTYPES = YES;
				CLANG_WARN_SUSPICIOUS_MOVE = YES;
				CLANG_WARN_UNGUARDED_AVAILABILITY = YES_AGGRESSIVE;
				CLANG_WARN_UNREACHABLE_CODE = YES;
				CLANG_WARN__DUPLICATE_METHOD_MATCH = YES;
				CODE_SIGN_IDENTITY = "iPhone Developer";
				COPY_PHASE_STRIP = NO;
				DEBUG_INFORMATION_FORMAT = dwarf;
				ENABLE_STRICT_OBJC_MSGSEND = YES;
				ENABLE_TESTABILITY = YES;
				GCC_C_LANGUAGE_STANDARD = gnu11;
				GCC_DYNAMIC_NO_PIC = NO;
				GCC_NO_COMMON_BLOCKS = YES;
				GCC_OPTIMIZATION_LEVEL = 0;
				GCC_PREPROCESSOR_DEFINITIONS = (
					"DEBUG=1",
					"$(inherited)",
				);
				GCC_WARN_64_TO_32_BIT_CONVERSION = YES;
				GCC_WARN_ABOUT_RETURN_TYPE = YES_ERROR;
				GCC_WARN_UNDECLARED_SELECTOR = YES;
				GCC_WARN_UNINITIALIZED_AUTOS = YES_AGGRESSIVE;
				GCC_WARN_UNUSED_FUNCTION = YES;
				GCC_WARN_UNUSED_VARIABLE = YES;
				IPHONEOS_DEPLOYMENT_TARGET = 11.3;
				MTL_ENABLE_DEBUG_INFO = YES;
				ONLY_ACTIVE_ARCH = YES;
				SDKROOT = iphoneos;
			};
			name = Debug;
		};
		C819FC0220906D16002DA0E3 /* Release */ = {
			isa = XCBuildConfiguration;
			buildSettings = {
				ALWAYS_SEARCH_USER_PATHS = NO;
				CLANG_ANALYZER_NONNULL = YES;
				CLANG_ANALYZER_NUMBER_OBJECT_CONVERSION = YES_AGGRESSIVE;
				CLANG_CXX_LANGUAGE_STANDARD = "gnu++14";
				CLANG_CXX_LIBRARY = "libc++";
				CLANG_ENABLE_MODULES = YES;
				CLANG_ENABLE_OBJC_ARC = YES;
				CLANG_ENABLE_OBJC_WEAK = YES;
				CLANG_WARN_BLOCK_CAPTURE_AUTORELEASING = YES;
				CLANG_WARN_BOOL_CONVERSION = YES;
				CLANG_WARN_COMMA = YES;
				CLANG_WARN_CONSTANT_CONVERSION = YES;
				CLANG_WARN_DEPRECATED_OBJC_IMPLEMENTATIONS = YES;
				CLANG_WARN_DIRECT_OBJC_ISA_USAGE = YES_ERROR;
				CLANG_WARN_DOCUMENTATION_COMMENTS = YES;
				CLANG_WARN_EMPTY_BODY = YES;
				CLANG_WARN_ENUM_CONVERSION = YES;
				CLANG_WARN_INFINITE_RECURSION = YES;
				CLANG_WARN_INT_CONVERSION = YES;
				CLANG_WARN_NON_LITERAL_NULL_CONVERSION = YES;
				CLANG_WARN_OBJC_IMPLICIT_RETAIN_SELF = YES;
				CLANG_WARN_OBJC_LITERAL_CONVERSION = YES;
				CLANG_WARN_OBJC_ROOT_CLASS = YES_ERROR;
				CLANG_WARN_RANGE_LOOP_ANALYSIS = YES;
				CLANG_WARN_STRICT_PROTOTYPES = YES;
				CLANG_WARN_SUSPICIOUS_MOVE = YES;
				CLANG_WARN_UNGUARDED_AVAILABILITY = YES_AGGRESSIVE;
				CLANG_WARN_UNREACHABLE_CODE = YES;
				CLANG_WARN__DUPLICATE_METHOD_MATCH = YES;
				CODE_SIGN_IDENTITY = "iPhone Developer";
				COPY_PHASE_STRIP = NO;
				DEBUG_INFORMATION_FORMAT = "dwarf-with-dsym";
				ENABLE_NS_ASSERTIONS = NO;
				ENABLE_STRICT_OBJC_MSGSEND = YES;
				GCC_C_LANGUAGE_STANDARD = gnu11;
				GCC_NO_COMMON_BLOCKS = YES;
				GCC_WARN_64_TO_32_BIT_CONVERSION = YES;
				GCC_WARN_ABOUT_RETURN_TYPE = YES_ERROR;
				GCC_WARN_UNDECLARED_SELECTOR = YES;
				GCC_WARN_UNINITIALIZED_AUTOS = YES_AGGRESSIVE;
				GCC_WARN_UNUSED_FUNCTION = YES;
				GCC_WARN_UNUSED_VARIABLE = YES;
				IPHONEOS_DEPLOYMENT_TARGET = 11.3;
				MTL_ENABLE_DEBUG_INFO = NO;
				SDKROOT = iphoneos;
				VALIDATE_PRODUCT = YES;
			};
			name = Release;
		};
		C819FC0420906D16002DA0E3 /* Debug */ = {
			isa = XCBuildConfiguration;
			buildSettings = {
				ASSETCATALOG_COMPILER_APPICON_NAME = AppIcon;
				CODE_SIGN_STYLE = Automatic;
				DEVELOPMENT_TEAM = Z8SE9YCY23;
				INFOPLIST_FILE = SDK111/Info.plist;
				LD_RUNPATH_SEARCH_PATHS = (
					"$(inherited)",
					"@executable_path/Frameworks",
				);
				PRODUCT_BUNDLE_IDENTIFIER = com.viazijing.meeting;
				PRODUCT_NAME = "$(TARGET_NAME)";
				TARGETED_DEVICE_FAMILY = "1,2";
			};
			name = Debug;
		};
		C819FC0520906D16002DA0E3 /* Release */ = {
			isa = XCBuildConfiguration;
			buildSettings = {
				ASSETCATALOG_COMPILER_APPICON_NAME = AppIcon;
				CODE_SIGN_STYLE = Automatic;
				DEVELOPMENT_TEAM = Z8SE9YCY23;
				INFOPLIST_FILE = SDK111/Info.plist;
				LD_RUNPATH_SEARCH_PATHS = (
					"$(inherited)",
					"@executable_path/Frameworks",
				);
				PRODUCT_BUNDLE_IDENTIFIER = com.viazijing.meeting;
				PRODUCT_NAME = "$(TARGET_NAME)";
				TARGETED_DEVICE_FAMILY = "1,2";
			};
			name = Release;
		};
/* End XCBuildConfiguration section */

/* Begin XCConfigurationList section */
		C819FBE820906D16002DA0E3 /* Build configuration list for PBXProject "SDK111" */ = {
			isa = XCConfigurationList;
			buildConfigurations = (
				C819FC0120906D16002DA0E3 /* Debug */,
				C819FC0220906D16002DA0E3 /* Release */,
			);
			defaultConfigurationIsVisible = 0;
			defaultConfigurationName = Release;
		};
		C819FC0320906D16002DA0E3 /* Build configuration list for PBXNativeTarget "SDK111" */ = {
			isa = XCConfigurationList;
			buildConfigurations = (
				C819FC0420906D16002DA0E3 /* Debug */,
				C819FC0520906D16002DA0E3 /* Release */,
			);
			defaultConfigurationIsVisible = 0;
			defaultConfigurationName = Release;
		};
/* End XCConfigurationList section */
	};
	rootObject = C819FBE520906D16002DA0E3 /* Project object */;
}
